{
    "_readme": [
        "This file locks the dependencies of your project to a known state",
        "Read more about it at https://getcomposer.org/doc/01-basic-usage.md#installing-dependencies",
        "This file is @generated automatically"
    ],
    "content-hash": "a4f13ac17c2b3d0cef34499c643b158b",
    "packages": [
        {
            "name": "michaelmcpherson/php-insecure-rest",
            "version": "dev-main",
            "source": {
                "type": "git",
                "url": "https://github.com/mpmcpherson/phpInsecureREST.git",
                "reference": "525294b9097cb18b0210e398607810d03490fc20"
            },
            "dist": {
                "type": "zip",
                "url": "https://api.github.com/repos/mpmcpherson/phpInsecureREST/zipball/525294b9097cb18b0210e398607810d03490fc20",
                "reference": "525294b9097cb18b0210e398607810d03490fc20",
                "shasum": ""
            },
            "default-branch": true,
            "type": "library",
            "autoload": {
                "psr-4": {
                    "rest\\api\\": [
                        "api/config/",
                        "api/objects/",
                        "api/shared"
                    ]
                }
            },
            "license": [
                "MIT"
            ],
            "description": "an insecure implementation of a rest API, created for educational purposes",
            "support": {
                "source": "https://github.com/mpmcpherson/phpInsecureREST/tree/main",
                "issues": "https://github.com/mpmcpherson/phpInsecureREST/issues"
            },
            "time": "2020-12-21T18:30:59+00:00"
        }
    ],
    "packages-dev": [],
    "aliases": [],
    "minimum-stability": "stable",
    "stability-flags": {
        "michaelmcpherson/php-insecure-rest": 20
    },
    "prefer-stable": false,
    "prefer-lowest": false,
    "platform": [],
    "platform-dev": [],
    "plugin-api-version": "2.0.0"
}
