{
    "_readme": [
        "This file locks the dependencies of your project to a known state",
        "Read more about it at https://getcomposer.org/doc/01-basic-usage.md#installing-dependencies",
        "This file is @generated automatically"
    ],
    "content-hash": "f1e42b09b70071e9b471e49ac802d80e",
    "packages": [
        {
            "name": "league/plates",
            "version": "3.3.0",
            "source": {
                "type": "git",
                "url": "https://github.com/thephpleague/plates.git",
                "reference": "b1684b6f127714497a0ef927ce42c0b44b45a8af"
            },
            "dist": {
                "type": "zip",
                "url": "https://api.github.com/repos/thephpleague/plates/zipball/b1684b6f127714497a0ef927ce42c0b44b45a8af",
                "reference": "b1684b6f127714497a0ef927ce42c0b44b45a8af",
                "shasum": ""
            },
            "require": {
                "php": "^5.3 | ^7.0"
            },
            "require-dev": {
                "mikey179/vfsstream": "^1.4",
                "phpunit/phpunit": "~4.0",
                "squizlabs/php_codesniffer": "~1.5"
            },
            "type": "library",
            "extra": {
                "branch-alias": {
                    "dev-master": "3.0-dev"
                }
            },
            "autoload": {
                "psr-4": {
                    "League\\Plates\\": "src"
                }
            },
            "notification-url": "https://packagist.org/downloads/",
            "license": [
                "MIT"
            ],
            "authors": [
                {
                    "name": "Jonathan Reinink",
                    "email": "jonathan@reinink.ca",
                    "role": "Developer"
                }
            ],
            "description": "Plates, the native PHP template system that's fast, easy to use and easy to extend.",
            "homepage": "http://platesphp.com",
            "keywords": [
                "league",
                "package",
                "templates",
                "templating",
                "views"
            ],
            "support": {
                "issues": "https://github.com/thephpleague/plates/issues",
                "source": "https://github.com/thephpleague/plates/tree/master"
            },
            "time": "2016-12-28T00:14:17+00:00"
        },
        {
            "name": "michaelmcpherson/php-insecure-rest",
            "version": "dev-main",
            "source": {
                "type": "git",
                "url": "https://github.com/mpmcpherson/phpInsecureREST.git",
                "reference": "adac9b58a1944e75e8cb661c50bd32693c7c63d9"
            },
            "dist": {
                "type": "zip",
                "url": "https://api.github.com/repos/mpmcpherson/phpInsecureREST/zipball/adac9b58a1944e75e8cb661c50bd32693c7c63d9",
                "reference": "adac9b58a1944e75e8cb661c50bd32693c7c63d9",
                "shasum": ""
            },
            "default-branch": true,
            "type": "library",
            "license": [
                "MIT"
            ],
            "description": "an insecure implementation of a rest API, created for educational purposes",
            "support": {
                "source": "https://github.com/mpmcpherson/phpInsecureREST/tree/main",
                "issues": "https://github.com/mpmcpherson/phpInsecureREST/issues"
            },
            "time": "2020-12-21T02:45:40+00:00"
        }
    ],
    "packages-dev": [],
    "aliases": [],
    "minimum-stability": "stable",
    "stability-flags": {
        "michaelmcpherson/php-insecure-rest": 20
    },
    "prefer-stable": false,
    "prefer-lowest": false,
    "platform": [],
    "platform-dev": [],
    "plugin-api-version": "2.0.0"
}
